// !$*UTF8*$!
{
	archiveVersion = 1;
	classes = {
	};
	objectVersion = 46;
	objects = {

/* Begin PBXBuildFile section */
		3806550E1E4B4938005513F7 /* AppDelegate.swift in Sources */ = {isa = PBXBuildFile; fileRef = 3806550D1E4B4938005513F7 /* AppDelegate.swift */; };
		380655101E4B4938005513F7 /* ViewController.swift in Sources */ = {isa = PBXBuildFile; fileRef = 3806550F1E4B4938005513F7 /* ViewController.swift */; };
		380655131E4B4938005513F7 /* Main.storyboard in Resources */ = {isa = PBXBuildFile; fileRef = 380655111E4B4938005513F7 /* Main.storyboard */; };
		380655161E4B4938005513F7 /* CoreCoursera.xcdatamodeld in Sources */ = {isa = PBXBuildFile; fileRef = 380655141E4B4938005513F7 /* CoreCoursera.xcdatamodeld */; };
		380655181E4B4938005513F7 /* Assets.xcassets in Resources */ = {isa = PBXBuildFile; fileRef = 380655171E4B4938005513F7 /* Assets.xcassets */; };
		3806551B1E4B4938005513F7 /* LaunchScreen.storyboard in Resources */ = {isa = PBXBuildFile; fileRef = 380655191E4B4938005513F7 /* LaunchScreen.storyboard */; };
/* End PBXBuildFile section */

/* Begin PBXFileReference section */
		3806550A1E4B4938005513F7 /* CoreCoursera.app */ = {isa = PBXFileReference; explicitFileType = wrapper.application; includeInIndex = 0; path = CoreCoursera.app; sourceTree = BUILT_PRODUCTS_DIR; };
		3806550D1E4B4938005513F7 /* AppDelegate.swift */ = {isa = PBXFileReference; lastKnownFileType = sourcecode.swift; path = AppDelegate.swift; sourceTree = "<group>"; };
		3806550F1E4B4938005513F7 /* ViewController.swift */ = {isa = PBXFileReference; lastKnownFileType = sourcecode.swift; path = ViewController.swift; sourceTree = "<group>"; };
		380655121E4B4938005513F7 /* Base */ = {isa = PBXFileReference; lastKnownFileType = file.storyboard; name = Base; path = Base.lproj/Main.storyboard; sourceTree = "<group>"; };
		380655151E4B4938005513F7 /* CoreCoursera.xcdatamodel */ = {isa = PBXFileReference; lastKnownFileType = wrapper.xcdatamodel; path = CoreCoursera.xcdatamodel; sourceTree = "<group>"; };
		380655171E4B4938005513F7 /* Assets.xcassets */ = {isa = PBXFileReference; lastKnownFileType = folder.assetcatalog; path = Assets.xcassets; sourceTree = "<group>"; };
		3806551A1E4B4938005513F7 /* Base */ = {isa = PBXFileReference; lastKnownFileType = file.storyboard; name = Base; path = Base.lproj/LaunchScreen.storyboard; sourceTree = "<group>"; };
		3806551C1E4B4938005513F7 /* Info.plist */ = {isa = PBXFileReference; lastKnownFileType = text.plist.xml; path = Info.plist; sourceTree = "<group>"; };
/* End PBXFileReference section */

/* Begin PBXFrameworksBuildPhase section */
		380655071E4B4938005513F7 /* Frameworks */ = {
			isa = PBXFrameworksBuildPhase;
			buildActionMask = 2147483647;
			files = (
			);
			runOnlyForDeploymentPostprocessing = 0;
		};
/* End PBXFrameworksBuildPhase section */

/* Begin PBXGroup section */
		380655011E4B4938005513F7 = {
			isa = PBXGroup;
			children = (
				3806550C1E4B4938005513F7 /* CoreCoursera */,
				3806550B1E4B4938005513F7 /* Products */,
			);
			sourceTree = "<group>";
		};
		3806550B1E4B4938005513F7 /* Products */ = {
			isa = PBXGroup;
			children = (
				3806550A1E4B4938005513F7 /* CoreCoursera.app */,
			);
			name = Products;
			sourceTree = "<group>";
		};
		3806550C1E4B4938005513F7 /* CoreCoursera */ = {
			isa = PBXGroup;
			children = (
				3806550D1E4B4938005513F7 /* AppDelegate.swift */,
				3806550F1E4B4938005513F7 /* ViewController.swift */,
				380655111E4B4938005513F7 /* Main.storyboard */,
				380655171E4B4938005513F7 /* Assets.xcassets */,
				380655191E4B4938005513F7 /* LaunchScreen.storyboard */,
				3806551C1E4B4938005513F7 /* Info.plist */,
				380655141E4B4938005513F7 /* CoreCoursera.xcdatamodeld */,
			);
			path = CoreCoursera;
			sourceTree = "<group>";
		};
/* End PBXGroup section */

/* Begin PBXNativeTarget section */
		380655091E4B4938005513F7 /* CoreCoursera */ = {
			isa = PBXNativeTarget;
			buildConfigurationList = 3806551F1E4B4938005513F7 /* Build configuration list for PBXNativeTarget "CoreCoursera" */;
			buildPhases = (
				380655061E4B4938005513F7 /* Sources */,
				380655071E4B4938005513F7 /* Frameworks */,
				380655081E4B4938005513F7 /* Resources */,
			);
			buildRules = (
			);
			dependencies = (
			);
			name = CoreCoursera;
			productName = CoreCoursera;
			productReference = 3806550A1E4B4938005513F7 /* CoreCoursera.app */;
			productType = "com.apple.product-type.application";
		};
/* End PBXNativeTarget section */

/* Begin PBXProject section */
		380655021E4B4938005513F7 /* Project object */ = {
			isa = PBXProject;
			attributes = {
				LastSwiftUpdateCheck = 0820;
				LastUpgradeCheck = 0820;
				ORGANIZATIONNAME = br.com.EnzRossi;
				TargetAttributes = {
					380655091E4B4938005513F7 = {
						CreatedOnToolsVersion = 8.2.1;
						DevelopmentTeam = 7VXMF2S9BV;
						ProvisioningStyle = Automatic;
					};
				};
			};
			buildConfigurationList = 380655051E4B4938005513F7 /* Build configuration list for PBXProject "CoreCoursera" */;
			compatibilityVersion = "Xcode 3.2";
			developmentRegion = English;
			hasScannedForEncodings = 0;
			knownRegions = (
				en,
				Base,
			);
			mainGroup = 380655011E4B4938005513F7;
			productRefGroup = 3806550B1E4B4938005513F7 /* Products */;
			projectDirPath = "";
			projectRoot = "";
			targets = (
				380655091E4B4938005513F7 /* CoreCoursera */,
			);
		};
/* End PBXProject section */

/* Begin PBXResourcesBuildPhase section */
		380655081E4B4938005513F7 /* Resources */ = {
			isa = PBXResourcesBuildPhase;
			buildActionMask = 2147483647;
			files = (
				3806551B1E4B4938005513F7 /* LaunchScreen.storyboard in Resources */,
				380655181E4B4938005513F7 /* Assets.xcassets in Resources */,
				380655131E4B4938005513F7 /* Main.storyboard in Resources */,
			);
			runOnlyForDeploymentPostprocessing = 0;
		};
/* End PBXResourcesBuildPhase section */

/* Begin PBXSourcesBuildPhase section */
		380655061E4B4938005513F7 /* Sources */ = {
			isa = PBXSourcesBuildPhase;
			buildActionMask = 2147483647;
			files = (
				380655101E4B4938005513F7 /* ViewController.swift in Sources */,
				380655161E4B4938005513F7 /* CoreCoursera.xcdatamodeld in Sources */,
				3806550E1E4B4938005513F7 /* AppDelegate.swift in Sources */,
			);
			runOnlyForDeploymentPostprocessing = 0;
		};
/* End PBXSourcesBuildPhase section */

/* Begin PBXVariantGroup section */
		380655111E4B4938005513F7 /* Main.storyboard */ = {
			isa = PBXVariantGroup;
			children = (
				380655121E4B4938005513F7 /* Base */,
			);
			name = Main.storyboard;
			sourceTree = "<group>";
		};
		380655191E4B4938005513F7 /* LaunchScreen.storyboard */ = {
			isa = PBXVariantGroup;
			children = (
				3806551A1E4B4938005513F7 /* Base */,
			);
			name = LaunchScreen.storyboard;
			sourceTree = "<group>";
		};
/* End PBXVariantGroup section */

/* Begin XCBuildConfiguration section */
		3806551D1E4B4938005513F7 /* Debug */ = {
			isa = XCBuildConfiguration;
			buildSettings = {
				ALWAYS_SEARCH_USER_PATHS = NO;
				CLANG_ANALYZER_NONNULL = YES;
				CLANG_CXX_LANGUAGE_STANDARD = "gnu++0x";
				CLANG_CXX_LIBRARY = "libc++";
				CLANG_ENABLE_MODULES = YES;
				CLANG_ENABLE_OBJC_ARC = YES;
				CLANG_WARN_BOOL_CONVERSION = YES;
				CLANG_WARN_CONSTANT_CONVERSION = YES;
				CLANG_WARN_DIRECT_OBJC_ISA_USAGE = YES_ERROR;
				CLANG_WARN_DOCUMENTATION_COMMENTS = YES;
				CLANG_WARN_EMPTY_BODY = YES;
				CLANG_WARN_ENUM_CONVERSION = YES;
				CLANG_WARN_INFINITE_RECURSION = YES;
				CLANG_WARN_INT_CONVERSION = YES;
				CLANG_WARN_OBJC_ROOT_CLASS = YES_ERROR;
				CLANG_WARN_SUSPICIOUS_MOVE = YES;
				CLANG_WARN_UNREACHABLE_CODE = YES;
				CLANG_WARN__DUPLICATE_METHOD_MATCH = YES;
				"CODE_SIGN_IDENTITY[sdk=iphoneos*]" = "iPhone Developer";
				COPY_PHASE_STRIP = NO;
				DEBUG_INFORMATION_FORMAT = dwarf;
				ENABLE_STRICT_OBJC_MSGSEND = YES;
				ENABLE_TESTABILITY = YES;
				GCC_C_LANGUAGE_STANDARD = gnu99;
				GCC_DYNAMIC_NO_PIC = NO;
				GCC_NO_COMMON_BLOCKS = YES;
				GCC_OPTIMIZATION_LEVEL = 0;
				GCC_PREPROCESSOR_DEFINITIONS = (
					"DEBUG=1",
					"$(inherited)",
				);
				GCC_WARN_64_TO_32_BIT_CONVERSION = YES;
				GCC_WARN_ABOUT_RETURN_TYPE = YES_ERROR;
				GCC_WARN_UNDECLARED_SELECTOR = YES;
				GCC_WARN_UNINITIALIZED_AUTOS = YES_AGGRESSIVE;
				GCC_WARN_UNUSED_FUNCTION = YES;
				GCC_WARN_UNUSED_VARIABLE = YES;
				IPHONEOS_DEPLOYMENT_TARGET = 10.2;
				MTL_ENABLE_DEBUG_INFO = YES;
				ONLY_ACTIVE_ARCH = YES;
				SDKROOT = iphoneos;
				SWIFT_ACTIVE_COMPILATION_CONDITIONS = DEBUG;
				SWIFT_OPTIMIZATION_LEVEL = "-Onone";
				TARGETED_DEVICE_FAMILY = "1,2";
			};
			name = Debug;
		};
		3806551E1E4B4938005513F7 /* Release */ = {
			isa = XCBuildConfiguration;
			buildSettings = {
				ALWAYS_SEARCH_USER_PATHS = NO;
				CLANG_ANALYZER_NONNULL = YES;
				CLANG_CXX_LANGUAGE_STANDARD = "gnu++0x";
				CLANG_CXX_LIBRARY = "libc++";
				CLANG_ENABLE_MODULES = YES;
				CLANG_ENABLE_OBJC_ARC = YES;
				CLANG_WARN_BOOL_CONVERSION = YES;
				CLANG_WARN_CONSTANT_CONVERSION = YES;
				CLANG_WARN_DIRECT_OBJC_ISA_USAGE = YES_ERROR;
				CLANG_WARN_DOCUMENTATION_COMMENTS = YES;
				CLANG_WARN_EMPTY_BODY = YES;
				CLANG_WARN_ENUM_CONVERSION = YES;
				CLANG_WARN_INFINITE_RECURSION = YES;
				CLANG_WARN_INT_CONVERSION = YES;
				CLANG_WARN_OBJC_ROOT_CLASS = YES_ERROR;
				CLANG_WARN_SUSPICIOUS_MOVE = YES;
				CLANG_WARN_UNREACHABLE_CODE = YES;
				CLANG_WARN__DUPLICATE_METHOD_MATCH = YES;
				"CODE_SIGN_IDENTITY[sdk=iphoneos*]" = "iPhone Developer";
				COPY_PHASE_STRIP = NO;
				DEBUG_INFORMATION_FORMAT = "dwarf-with-dsym";
				ENABLE_NS_ASSERTIONS = NO;
				ENABLE_STRICT_OBJC_MSGSEND = YES;
				GCC_C_LANGUAGE_STANDARD = gnu99;
				GCC_NO_COMMON_BLOCKS = YES;
				GCC_WARN_64_TO_32_BIT_CONVERSION = YES;
				GCC_WARN_ABOUT_RETURN_TYPE = YES_ERROR;
				GCC_WARN_UNDECLARED_SELECTOR = YES;
				GCC_WARN_UNINITIALIZED_AUTOS = YES_AGGRESSIVE;
				GCC_WARN_UNUSED_FUNCTION = YES;
				GCC_WARN_UNUSED_VARIABLE = YES;
				IPHONEOS_DEPLOYMENT_TARGET = 10.2;
				MTL_ENABLE_DEBUG_INFO = NO;
				SDKROOT = iphoneos;
				SWIFT_OPTIMIZATION_LEVEL = "-Owholemodule";
				TARGETED_DEVICE_FAMILY = "1,2";
				VALIDATE_PRODUCT = YES;
			};
			name = Release;
		};
		380655201E4B4938005513F7 /* Debug */ = {
			isa = XCBuildConfiguration;
			buildSettings = {
				ASSETCATALOG_COMPILER_APPICON_NAME = AppIcon;
				DEVELOPMENT_TEAM = 7VXMF2S9BV;
				INFOPLIST_FILE = CoreCoursera/Info.plist;
				LD_RUNPATH_SEARCH_PATHS = "$(inherited) @executable_path/Frameworks";
				PRODUCT_BUNDLE_IDENTIFIER = br.com.EnzRossi.CoreCoursera;
				PRODUCT_NAME = "$(TARGET_NAME)";
				SWIFT_VERSION = 3.0;
			};
			name = Debug;
		};
		380655211E4B4938005513F7 /* Release */ = {
			isa = XCBuildConfiguration;
			buildSettings = {
				ASSETCATALOG_COMPILER_APPICON_NAME = AppIcon;
				DEVELOPMENT_TEAM = 7VXMF2S9BV;
				INFOPLIST_FILE = CoreCoursera/Info.plist;
				LD_RUNPATH_SEARCH_PATHS = "$(inherited) @executable_path/Frameworks";
				PRODUCT_BUNDLE_IDENTIFIER = br.com.EnzRossi.CoreCoursera;
				PRODUCT_NAME = "$(TARGET_NAME)";
				SWIFT_VERSION = 3.0;
			};
			name = Release;
		};
/* End XCBuildConfiguration section */

/* Begin XCConfigurationList section */
		380655051E4B4938005513F7 /* Build configuration list for PBXProject "CoreCoursera" */ = {
			isa = XCConfigurationList;
			buildConfigurations = (
				3806551D1E4B4938005513F7 /* Debug */,
				3806551E1E4B4938005513F7 /* Release */,
			);
			defaultConfigurationIsVisible = 0;
			defaultConfigurationName = Release;
		};
		3806551F1E4B4938005513F7 /* Build configuration list for PBXNativeTarget "CoreCoursera" */ = {
			isa = XCConfigurationList;
			buildConfigurations = (
				380655201E4B4938005513F7 /* Debug */,
				380655211E4B4938005513F7 /* Release */,
			);
			defaultConfigurationIsVisible = 0;
		};
/* End XCConfigurationList section */

/* Begin XCVersionGroup section */
		380655141E4B4938005513F7 /* CoreCoursera.xcdatamodeld */ = {
			isa = XCVersionGroup;
			children = (
				380655151E4B4938005513F7 /* CoreCoursera.xcdatamodel */,
			);
			currentVersion = 380655151E4B4938005513F7 /* CoreCoursera.xcdatamodel */;
			path = CoreCoursera.xcdatamodeld;
			sourceTree = "<group>";
			versionGroupType = wrapper.xcdatamodel;
		};
/* End XCVersionGroup section */
	};
	rootObject = 380655021E4B4938005513F7 /* Project object */;
}
